
Microsoft Visual Studio Solution File, Format Version 12.00
# Visual Studio Version 17
VisualStudioVersion = 17.8.34525.116
MinimumVisualStudioVersion = 10.0.40219.1
Project("{FAE04EC0-301F-11D3-BF4B-00C04F79EFBC}") = "NetMinimalAPI", "NetMinimalAPI\NetMinimalAPI.csproj", "{C637FA33-89B2-4C6C-BF37-ACADB1B33764}"
EndProject
Global
	GlobalSection(SolutionConfigurationPlatforms) = preSolution
		Debug|Any CPU = Debug|Any CPU
		Release|Any CPU = Release|Any CPU
	EndGlobalSection
	GlobalSection(ProjectConfigurationPlatforms) = postSolution
		{C637FA33-89B2-4C6C-BF37-ACADB1B33764}.Debug|Any CPU.ActiveCfg = Debug|Any CPU
		{C637FA33-89B2-4C6C-BF37-ACADB1B33764}.Debug|Any CPU.Build.0 = Debug|Any CPU
		{C637FA33-89B2-4C6C-BF37-ACADB1B33764}.Release|Any CPU.ActiveCfg = Release|Any CPU
		{C637FA33-89B2-4C6C-BF37-ACADB1B33764}.Release|Any CPU.Build.0 = Release|Any CPU
	EndGlobalSection
	GlobalSection(SolutionProperties) = preSolution
		HideSolutionNode = FALSE
	EndGlobalSection
	GlobalSection(ExtensibilityGlobals) = postSolution
		SolutionGuid = {D3B8BC7B-77F7-4596-BA69-A8B1177856D2}
	EndGlobalSection
EndGlobal
